
Microsoft Visual Studio Solution File, Format Version 12.00
Project("{2150E333-8FDC-42A3-9474-1A3956D46DE8}") = "src", "src", "{2ED1B8E6-08B0-47B9-95B9-88B260B88230}"
	ProjectSection(SolutionItems) = preProject
		src\DataTools.nuspec = src\DataTools.nuspec
	EndProjectSection
EndProject
Project("{2150E333-8FDC-42A3-9474-1A3956D46DE8}") = "test", "test", "{E5C4F5F8-083F-43B2-AA67-CE9CBB5DEFFD}"
EndProject
Project("{FAE04EC0-301F-11D3-BF4B-00C04F79EFBC}") = "Analyzers", "src\Analyzers\Analyzers.csproj", "{9E1C77C6-1127-4C3F-A0B5-1911FA829624}"
EndProject
Project("{FAE04EC0-301F-11D3-BF4B-00C04F79EFBC}") = "Example", "src\Example\Example.csproj", "{6A5234F8-1E2A-4781-9E6F-8728883BAAFC}"
EndProject
Project("{FAE04EC0-301F-11D3-BF4B-00C04F79EFBC}") = "SourceGeneratorTest", "test\SourceGeneratorTest\SourceGeneratorTest.csproj", "{DC50DE9C-14D9-44B7-832A-94D70823088B}"
EndProject
Global
	GlobalSection(SolutionConfigurationPlatforms) = preSolution
		Debug|Any CPU = Debug|Any CPU
		Release|Any CPU = Release|Any CPU
	EndGlobalSection
	GlobalSection(ProjectConfigurationPlatforms) = postSolution
		{9E1C77C6-1127-4C3F-A0B5-1911FA829624}.Debug|Any CPU.ActiveCfg = Debug|Any CPU
		{9E1C77C6-1127-4C3F-A0B5-1911FA829624}.Debug|Any CPU.Build.0 = Debug|Any CPU
		{9E1C77C6-1127-4C3F-A0B5-1911FA829624}.Release|Any CPU.ActiveCfg = Release|Any CPU
		{9E1C77C6-1127-4C3F-A0B5-1911FA829624}.Release|Any CPU.Build.0 = Release|Any CPU
		{6A5234F8-1E2A-4781-9E6F-8728883BAAFC}.Debug|Any CPU.ActiveCfg = Debug|Any CPU
		{6A5234F8-1E2A-4781-9E6F-8728883BAAFC}.Debug|Any CPU.Build.0 = Debug|Any CPU
		{6A5234F8-1E2A-4781-9E6F-8728883BAAFC}.Release|Any CPU.ActiveCfg = Release|Any CPU
		{6A5234F8-1E2A-4781-9E6F-8728883BAAFC}.Release|Any CPU.Build.0 = Release|Any CPU
		{DC50DE9C-14D9-44B7-832A-94D70823088B}.Debug|Any CPU.ActiveCfg = Debug|Any CPU
		{DC50DE9C-14D9-44B7-832A-94D70823088B}.Debug|Any CPU.Build.0 = Debug|Any CPU
		{DC50DE9C-14D9-44B7-832A-94D70823088B}.Release|Any CPU.ActiveCfg = Release|Any CPU
		{DC50DE9C-14D9-44B7-832A-94D70823088B}.Release|Any CPU.Build.0 = Release|Any CPU
	EndGlobalSection
	GlobalSection(NestedProjects) = preSolution
		{9E1C77C6-1127-4C3F-A0B5-1911FA829624} = {2ED1B8E6-08B0-47B9-95B9-88B260B88230}
		{6A5234F8-1E2A-4781-9E6F-8728883BAAFC} = {2ED1B8E6-08B0-47B9-95B9-88B260B88230}
		{DC50DE9C-14D9-44B7-832A-94D70823088B} = {E5C4F5F8-083F-43B2-AA67-CE9CBB5DEFFD}
	EndGlobalSection
EndGlobal
